// !$*UTF8*$!
{
	archiveVersion = 1;
	classes = {
	};
	objectVersion = 50;
	objects = {

/* Begin PBXBuildFile section */
		82425AFA210C3D79002C590C /* AppDelegate.swift in Sources */ = {isa = PBXBuildFile; fileRef = 82425AF9210C3D79002C590C /* AppDelegate.swift */; };
		82425AFC210C3D79002C590C /* HomeController.swift in Sources */ = {isa = PBXBuildFile; fileRef = 82425AFB210C3D79002C590C /* HomeController.swift */; };
		82425AFF210C3D79002C590C /* Main.storyboard in Resources */ = {isa = PBXBuildFile; fileRef = 82425AFD210C3D79002C590C /* Main.storyboard */; };
		82425B01210C3D7C002C590C /* Assets.xcassets in Resources */ = {isa = PBXBuildFile; fileRef = 82425B00210C3D7C002C590C /* Assets.xcassets */; };
		82425B04210C3D7C002C590C /* LaunchScreen.storyboard in Resources */ = {isa = PBXBuildFile; fileRef = 82425B02210C3D7C002C590C /* LaunchScreen.storyboard */; };
		82425B0C210C4B16002C590C /* NewACController.swift in Sources */ = {isa = PBXBuildFile; fileRef = 82425B0B210C4B16002C590C /* NewACController.swift */; };
		82425B10210C6094002C590C /* Account.swift in Sources */ = {isa = PBXBuildFile; fileRef = 82425B0F210C6094002C590C /* Account.swift */; };
		8265EB2C211135AE00989325 /* DetailController.swift in Sources */ = {isa = PBXBuildFile; fileRef = 8265EB2B211135AE00989325 /* DetailController.swift */; };
		8265EB2F2111368C00989325 /* MyKeys.swift in Sources */ = {isa = PBXBuildFile; fileRef = 8265EB2E2111368C00989325 /* MyKeys.swift */; };
		8265EB3221113FFE00989325 /* CustomLabel.swift in Sources */ = {isa = PBXBuildFile; fileRef = 8265EB3121113FFE00989325 /* CustomLabel.swift */; };
		A8A1187AFFDE163F0CE3E651 /* Pods_My_Password.framework in Frameworks */ = {isa = PBXBuildFile; fileRef = DBC007D141BB2443B1148DA9 /* Pods_My_Password.framework */; };
/* End PBXBuildFile section */

/* Begin PBXFileReference section */
		2CE123714690CF974F4383B2 /* Pods-My Password.debug.xcconfig */ = {isa = PBXFileReference; includeInIndex = 1; lastKnownFileType = text.xcconfig; name = "Pods-My Password.debug.xcconfig"; path = "Pods/Target Support Files/Pods-My Password/Pods-My Password.debug.xcconfig"; sourceTree = "<group>"; };
		82425AF6210C3D79002C590C /* My Password.app */ = {isa = PBXFileReference; explicitFileType = wrapper.application; includeInIndex = 0; path = "My Password.app"; sourceTree = BUILT_PRODUCTS_DIR; };
		82425AF9210C3D79002C590C /* AppDelegate.swift */ = {isa = PBXFileReference; lastKnownFileType = sourcecode.swift; path = AppDelegate.swift; sourceTree = "<group>"; };
		82425AFB210C3D79002C590C /* HomeController.swift */ = {isa = PBXFileReference; lastKnownFileType = sourcecode.swift; path = HomeController.swift; sourceTree = "<group>"; };
		82425AFE210C3D79002C590C /* Base */ = {isa = PBXFileReference; lastKnownFileType = file.storyboard; name = Base; path = Base.lproj/Main.storyboard; sourceTree = "<group>"; };
		82425B00210C3D7C002C590C /* Assets.xcassets */ = {isa = PBXFileReference; lastKnownFileType = folder.assetcatalog; path = Assets.xcassets; sourceTree = "<group>"; };
		82425B03210C3D7C002C590C /* Base */ = {isa = PBXFileReference; lastKnownFileType = file.storyboard; name = Base; path = Base.lproj/LaunchScreen.storyboard; sourceTree = "<group>"; };
		82425B05210C3D7C002C590C /* Info.plist */ = {isa = PBXFileReference; lastKnownFileType = text.plist.xml; path = Info.plist; sourceTree = "<group>"; };
		82425B0B210C4B16002C590C /* NewACController.swift */ = {isa = PBXFileReference; lastKnownFileType = sourcecode.swift; path = NewACController.swift; sourceTree = "<group>"; };
		82425B0F210C6094002C590C /* Account.swift */ = {isa = PBXFileReference; lastKnownFileType = sourcecode.swift; path = Account.swift; sourceTree = "<group>"; };
		8265EB2B211135AE00989325 /* DetailController.swift */ = {isa = PBXFileReference; lastKnownFileType = sourcecode.swift; path = DetailController.swift; sourceTree = "<group>"; };
		8265EB2E2111368C00989325 /* MyKeys.swift */ = {isa = PBXFileReference; lastKnownFileType = sourcecode.swift; path = MyKeys.swift; sourceTree = "<group>"; };
		8265EB3121113FFE00989325 /* CustomLabel.swift */ = {isa = PBXFileReference; lastKnownFileType = sourcecode.swift; path = CustomLabel.swift; sourceTree = "<group>"; };
		C74CF593954254342E6B6B36 /* Pods-My Password.release.xcconfig */ = {isa = PBXFileReference; includeInIndex = 1; lastKnownFileType = text.xcconfig; name = "Pods-My Password.release.xcconfig"; path = "Pods/Target Support Files/Pods-My Password/Pods-My Password.release.xcconfig"; sourceTree = "<group>"; };
		DBC007D141BB2443B1148DA9 /* Pods_My_Password.framework */ = {isa = PBXFileReference; explicitFileType = wrapper.framework; includeInIndex = 0; path = Pods_My_Password.framework; sourceTree = BUILT_PRODUCTS_DIR; };
/* End PBXFileReference section */

/* Begin PBXFrameworksBuildPhase section */
		82425AF3210C3D79002C590C /* Frameworks */ = {
			isa = PBXFrameworksBuildPhase;
			buildActionMask = 2147483647;
			files = (
				A8A1187AFFDE163F0CE3E651 /* Pods_My_Password.framework in Frameworks */,
			);
			runOnlyForDeploymentPostprocessing = 0;
		};
/* End PBXFrameworksBuildPhase section */

/* Begin PBXGroup section */
		694B34A0D44BC6985622024D /* Pods */ = {
			isa = PBXGroup;
			children = (
				2CE123714690CF974F4383B2 /* Pods-My Password.debug.xcconfig */,
				C74CF593954254342E6B6B36 /* Pods-My Password.release.xcconfig */,
			);
			name = Pods;
			sourceTree = "<group>";
		};
		82425AED210C3D79002C590C = {
			isa = PBXGroup;
			children = (
				82425AF8210C3D79002C590C /* My Password */,
				82425AF7210C3D79002C590C /* Products */,
				694B34A0D44BC6985622024D /* Pods */,
				91D14A42036997D9BCCF89E3 /* Frameworks */,
			);
			sourceTree = "<group>";
		};
		82425AF7210C3D79002C590C /* Products */ = {
			isa = PBXGroup;
			children = (
				82425AF6210C3D79002C590C /* My Password.app */,
			);
			name = Products;
			sourceTree = "<group>";
		};
		82425AF8210C3D79002C590C /* My Password */ = {
			isa = PBXGroup;
			children = (
				82425AF9210C3D79002C590C /* AppDelegate.swift */,
				8265EB3021113FB800989325 /* CustomLayOuts */,
				8265EB2D2111363500989325 /* Keys */,
				82425B0E210C6079002C590C /* Model */,
				82425B0D210C6053002C590C /* Controller */,
				82425AFD210C3D79002C590C /* Main.storyboard */,
				82425B00210C3D7C002C590C /* Assets.xcassets */,
				82425B02210C3D7C002C590C /* LaunchScreen.storyboard */,
				82425B05210C3D7C002C590C /* Info.plist */,
			);
			path = "My Password";
			sourceTree = "<group>";
		};
		82425B0D210C6053002C590C /* Controller */ = {
			isa = PBXGroup;
			children = (
				82425AFB210C3D79002C590C /* HomeController.swift */,
				82425B0B210C4B16002C590C /* NewACController.swift */,
				8265EB2B211135AE00989325 /* DetailController.swift */,
			);
			path = Controller;
			sourceTree = "<group>";
		};
		82425B0E210C6079002C590C /* Model */ = {
			isa = PBXGroup;
			children = (
				82425B0F210C6094002C590C /* Account.swift */,
			);
			path = Model;
			sourceTree = "<group>";
		};
		8265EB2D2111363500989325 /* Keys */ = {
			isa = PBXGroup;
			children = (
				8265EB2E2111368C00989325 /* MyKeys.swift */,
			);
			path = Keys;
			sourceTree = "<group>";
		};
		8265EB3021113FB800989325 /* CustomLayOuts */ = {
			isa = PBXGroup;
			children = (
				8265EB3121113FFE00989325 /* CustomLabel.swift */,
			);
			path = CustomLayOuts;
			sourceTree = "<group>";
		};
		91D14A42036997D9BCCF89E3 /* Frameworks */ = {
			isa = PBXGroup;
			children = (
				DBC007D141BB2443B1148DA9 /* Pods_My_Password.framework */,
			);
			name = Frameworks;
			sourceTree = "<group>";
		};
/* End PBXGroup section */

/* Begin PBXNativeTarget section */
		82425AF5210C3D79002C590C /* My Password */ = {
			isa = PBXNativeTarget;
			buildConfigurationList = 82425B08210C3D7C002C590C /* Build configuration list for PBXNativeTarget "My Password" */;
			buildPhases = (
				FE0CFF8FA89952ADD01B31D4 /* [CP] Check Pods Manifest.lock */,
				82425AF2210C3D79002C590C /* Sources */,
				82425AF3210C3D79002C590C /* Frameworks */,
				82425AF4210C3D79002C590C /* Resources */,
				9AF8C4AF0E018EB4252F806E /* [CP] Embed Pods Frameworks */,
			);
			buildRules = (
			);
			dependencies = (
			);
			name = "My Password";
			productName = "My Password";
			productReference = 82425AF6210C3D79002C590C /* My Password.app */;
			productType = "com.apple.product-type.application";
		};
/* End PBXNativeTarget section */

/* Begin PBXProject section */
		82425AEE210C3D79002C590C /* Project object */ = {
			isa = PBXProject;
			attributes = {
				LastSwiftUpdateCheck = 1000;
				LastUpgradeCheck = 1000;
				ORGANIZATIONNAME = "Pankaj Sharma";
				TargetAttributes = {
					82425AF5210C3D79002C590C = {
						CreatedOnToolsVersion = 10.0;
					};
				};
			};
			buildConfigurationList = 82425AF1210C3D79002C590C /* Build configuration list for PBXProject "My Password" */;
			compatibilityVersion = "Xcode 9.3";
			developmentRegion = en;
			hasScannedForEncodings = 0;
			knownRegions = (
				en,
				Base,
			);
			mainGroup = 82425AED210C3D79002C590C;
			productRefGroup = 82425AF7210C3D79002C590C /* Products */;
			projectDirPath = "";
			projectRoot = "";
			targets = (
				82425AF5210C3D79002C590C /* My Password */,
			);
		};
/* End PBXProject section */

/* Begin PBXResourcesBuildPhase section */
		82425AF4210C3D79002C590C /* Resources */ = {
			isa = PBXResourcesBuildPhase;
			buildActionMask = 2147483647;
			files = (
				82425B04210C3D7C002C590C /* LaunchScreen.storyboard in Resources */,
				82425B01210C3D7C002C590C /* Assets.xcassets in Resources */,
				82425AFF210C3D79002C590C /* Main.storyboard in Resources */,
			);
			runOnlyForDeploymentPostprocessing = 0;
		};
/* End PBXResourcesBuildPhase section */

/* Begin PBXShellScriptBuildPhase section */
		9AF8C4AF0E018EB4252F806E /* [CP] Embed Pods Frameworks */ = {
			isa = PBXShellScriptBuildPhase;
			buildActionMask = 2147483647;
			files = (
			);
			inputPaths = (
				"${SRCROOT}/Pods/Target Support Files/Pods-My Password/Pods-My Password-frameworks.sh",
				"${BUILT_PRODUCTS_DIR}/IQKeyboardManagerSwift/IQKeyboardManagerSwift.framework",
				"${BUILT_PRODUCTS_DIR}/Realm/Realm.framework",
				"${BUILT_PRODUCTS_DIR}/RealmSwift/RealmSwift.framework",
			);
			name = "[CP] Embed Pods Frameworks";
			outputPaths = (
				"${TARGET_BUILD_DIR}/${FRAMEWORKS_FOLDER_PATH}/IQKeyboardManagerSwift.framework",
				"${TARGET_BUILD_DIR}/${FRAMEWORKS_FOLDER_PATH}/Realm.framework",
				"${TARGET_BUILD_DIR}/${FRAMEWORKS_FOLDER_PATH}/RealmSwift.framework",
			);
			runOnlyForDeploymentPostprocessing = 0;
			shellPath = /bin/sh;
			shellScript = "\"${SRCROOT}/Pods/Target Support Files/Pods-My Password/Pods-My Password-frameworks.sh\"\n";
			showEnvVarsInLog = 0;
		};
		FE0CFF8FA89952ADD01B31D4 /* [CP] Check Pods Manifest.lock */ = {
			isa = PBXShellScriptBuildPhase;
			buildActionMask = 2147483647;
			files = (
			);
			inputPaths = (
				"${PODS_PODFILE_DIR_PATH}/Podfile.lock",
				"${PODS_ROOT}/Manifest.lock",
			);
			name = "[CP] Check Pods Manifest.lock";
			outputPaths = (
				"$(DERIVED_FILE_DIR)/Pods-My Password-checkManifestLockResult.txt",
			);
			runOnlyForDeploymentPostprocessing = 0;
			shellPath = /bin/sh;
			shellScript = "diff \"${PODS_PODFILE_DIR_PATH}/Podfile.lock\" \"${PODS_ROOT}/Manifest.lock\" > /dev/null\nif [ $? != 0 ] ; then\n    # print error to STDERR\n    echo \"error: The sandbox is not in sync with the Podfile.lock. Run 'pod install' or update your CocoaPods installation.\" >&2\n    exit 1\nfi\n# This output is used by Xcode 'outputs' to avoid re-running this script phase.\necho \"SUCCESS\" > \"${SCRIPT_OUTPUT_FILE_0}\"\n";
			showEnvVarsInLog = 0;
		};
/* End PBXShellScriptBuildPhase section */

/* Begin PBXSourcesBuildPhase section */
		82425AF2210C3D79002C590C /* Sources */ = {
			isa = PBXSourcesBuildPhase;
			buildActionMask = 2147483647;
			files = (
				82425AFC210C3D79002C590C /* HomeController.swift in Sources */,
				8265EB2F2111368C00989325 /* MyKeys.swift in Sources */,
				82425B10210C6094002C590C /* Account.swift in Sources */,
				8265EB3221113FFE00989325 /* CustomLabel.swift in Sources */,
				82425B0C210C4B16002C590C /* NewACController.swift in Sources */,
				8265EB2C211135AE00989325 /* DetailController.swift in Sources */,
				82425AFA210C3D79002C590C /* AppDelegate.swift in Sources */,
			);
			runOnlyForDeploymentPostprocessing = 0;
		};
/* End PBXSourcesBuildPhase section */

/* Begin PBXVariantGroup section */
		82425AFD210C3D79002C590C /* Main.storyboard */ = {
			isa = PBXVariantGroup;
			children = (
				82425AFE210C3D79002C590C /* Base */,
			);
			name = Main.storyboard;
			sourceTree = "<group>";
		};
		82425B02210C3D7C002C590C /* LaunchScreen.storyboard */ = {
			isa = PBXVariantGroup;
			children = (
				82425B03210C3D7C002C590C /* Base */,
			);
			name = LaunchScreen.storyboard;
			sourceTree = "<group>";
		};
/* End PBXVariantGroup section */

/* Begin XCBuildConfiguration section */
		82425B06210C3D7C002C590C /* Debug */ = {
			isa = XCBuildConfiguration;
			buildSettings = {
				ALWAYS_SEARCH_USER_PATHS = NO;
				CLANG_ANALYZER_NONNULL = YES;
				CLANG_ANALYZER_NUMBER_OBJECT_CONVERSION = YES_AGGRESSIVE;
				CLANG_CXX_LANGUAGE_STANDARD = "gnu++14";
				CLANG_CXX_LIBRARY = "libc++";
				CLANG_ENABLE_MODULES = YES;
				CLANG_ENABLE_OBJC_ARC = YES;
				CLANG_ENABLE_OBJC_WEAK = YES;
				CLANG_WARN_BLOCK_CAPTURE_AUTORELEASING = YES;
				CLANG_WARN_BOOL_CONVERSION = YES;
				CLANG_WARN_COMMA = YES;
				CLANG_WARN_CONSTANT_CONVERSION = YES;
				CLANG_WARN_DEPRECATED_OBJC_IMPLEMENTATIONS = YES;
				CLANG_WARN_DIRECT_OBJC_ISA_USAGE = YES_ERROR;
				CLANG_WARN_DOCUMENTATION_COMMENTS = YES;
				CLANG_WARN_EMPTY_BODY = YES;
				CLANG_WARN_ENUM_CONVERSION = YES;
				CLANG_WARN_INFINITE_RECURSION = YES;
				CLANG_WARN_INT_CONVERSION = YES;
				CLANG_WARN_NON_LITERAL_NULL_CONVERSION = YES;
				CLANG_WARN_OBJC_IMPLICIT_RETAIN_SELF = YES;
				CLANG_WARN_OBJC_LITERAL_CONVERSION = YES;
				CLANG_WARN_OBJC_ROOT_CLASS = YES_ERROR;
				CLANG_WARN_RANGE_LOOP_ANALYSIS = YES;
				CLANG_WARN_STRICT_PROTOTYPES = YES;
				CLANG_WARN_SUSPICIOUS_MOVE = YES;
				CLANG_WARN_UNGUARDED_AVAILABILITY = YES_AGGRESSIVE;
				CLANG_WARN_UNREACHABLE_CODE = YES;
				CLANG_WARN__DUPLICATE_METHOD_MATCH = YES;
				CODE_SIGN_IDENTITY = "iPhone Developer";
				COPY_PHASE_STRIP = NO;
				DEBUG_INFORMATION_FORMAT = dwarf;
				ENABLE_STRICT_OBJC_MSGSEND = YES;
				ENABLE_TESTABILITY = YES;
				GCC_C_LANGUAGE_STANDARD = gnu11;
				GCC_DYNAMIC_NO_PIC = NO;
				GCC_NO_COMMON_BLOCKS = YES;
				GCC_OPTIMIZATION_LEVEL = 0;
				GCC_PREPROCESSOR_DEFINITIONS = (
					"DEBUG=1",
					"$(inherited)",
				);
				GCC_WARN_64_TO_32_BIT_CONVERSION = YES;
				GCC_WARN_ABOUT_RETURN_TYPE = YES_ERROR;
				GCC_WARN_UNDECLARED_SELECTOR = YES;
				GCC_WARN_UNINITIALIZED_AUTOS = YES_AGGRESSIVE;
				GCC_WARN_UNUSED_FUNCTION = YES;
				GCC_WARN_UNUSED_VARIABLE = YES;
				IPHONEOS_DEPLOYMENT_TARGET = 12.0;
				MTL_ENABLE_DEBUG_INFO = INCLUDE_SOURCE;
				MTL_FAST_MATH = YES;
				ONLY_ACTIVE_ARCH = YES;
				SDKROOT = iphoneos;
				SWIFT_ACTIVE_COMPILATION_CONDITIONS = DEBUG;
				SWIFT_OPTIMIZATION_LEVEL = "-Onone";
			};
			name = Debug;
		};
		82425B07210C3D7C002C590C /* Release */ = {
			isa = XCBuildConfiguration;
			buildSettings = {
				ALWAYS_SEARCH_USER_PATHS = NO;
				CLANG_ANALYZER_NONNULL = YES;
				CLANG_ANALYZER_NUMBER_OBJECT_CONVERSION = YES_AGGRESSIVE;
				CLANG_CXX_LANGUAGE_STANDARD = "gnu++14";
				CLANG_CXX_LIBRARY = "libc++";
				CLANG_ENABLE_MODULES = YES;
				CLANG_ENABLE_OBJC_ARC = YES;
				CLANG_ENABLE_OBJC_WEAK = YES;
				CLANG_WARN_BLOCK_CAPTURE_AUTORELEASING = YES;
				CLANG_WARN_BOOL_CONVERSION = YES;
				CLANG_WARN_COMMA = YES;
				CLANG_WARN_CONSTANT_CONVERSION = YES;
				CLANG_WARN_DEPRECATED_OBJC_IMPLEMENTATIONS = YES;
				CLANG_WARN_DIRECT_OBJC_ISA_USAGE = YES_ERROR;
				CLANG_WARN_DOCUMENTATION_COMMENTS = YES;
				CLANG_WARN_EMPTY_BODY = YES;
				CLANG_WARN_ENUM_CONVERSION = YES;
				CLANG_WARN_INFINITE_RECURSION = YES;
				CLANG_WARN_INT_CONVERSION = YES;
				CLANG_WARN_NON_LITERAL_NULL_CONVERSION = YES;
				CLANG_WARN_OBJC_IMPLICIT_RETAIN_SELF = YES;
				CLANG_WARN_OBJC_LITERAL_CONVERSION = YES;
				CLANG_WARN_OBJC_ROOT_CLASS = YES_ERROR;
				CLANG_WARN_RANGE_LOOP_ANALYSIS = YES;
				CLANG_WARN_STRICT_PROTOTYPES = YES;
				CLANG_WARN_SUSPICIOUS_MOVE = YES;
				CLANG_WARN_UNGUARDED_AVAILABILITY = YES_AGGRESSIVE;
				CLANG_WARN_UNREACHABLE_CODE = YES;
				CLANG_WARN__DUPLICATE_METHOD_MATCH = YES;
				CODE_SIGN_IDENTITY = "iPhone Developer";
				COPY_PHASE_STRIP = NO;
				DEBUG_INFORMATION_FORMAT = "dwarf-with-dsym";
				ENABLE_NS_ASSERTIONS = NO;
				ENABLE_STRICT_OBJC_MSGSEND = YES;
				GCC_C_LANGUAGE_STANDARD = gnu11;
				GCC_NO_COMMON_BLOCKS = YES;
				GCC_WARN_64_TO_32_BIT_CONVERSION = YES;
				GCC_WARN_ABOUT_RETURN_TYPE = YES_ERROR;
				GCC_WARN_UNDECLARED_SELECTOR = YES;
				GCC_WARN_UNINITIALIZED_AUTOS = YES_AGGRESSIVE;
				GCC_WARN_UNUSED_FUNCTION = YES;
				GCC_WARN_UNUSED_VARIABLE = YES;
				IPHONEOS_DEPLOYMENT_TARGET = 12.0;
				MTL_ENABLE_DEBUG_INFO = NO;
				MTL_FAST_MATH = YES;
				SDKROOT = iphoneos;
				SWIFT_COMPILATION_MODE = wholemodule;
				SWIFT_OPTIMIZATION_LEVEL = "-O";
				VALIDATE_PRODUCT = YES;
			};
			name = Release;
		};
		82425B09210C3D7C002C590C /* Debug */ = {
			isa = XCBuildConfiguration;
			baseConfigurationReference = 2CE123714690CF974F4383B2 /* Pods-My Password.debug.xcconfig */;
			buildSettings = {
				ASSETCATALOG_COMPILER_APPICON_NAME = AppIcon;
				CODE_SIGN_STYLE = Automatic;
				DEVELOPMENT_TEAM = 4QA6MH6558;
				INFOPLIST_FILE = "My Password/Info.plist";
				LD_RUNPATH_SEARCH_PATHS = (
					"$(inherited)",
					"@executable_path/Frameworks",
				);
				PRODUCT_BUNDLE_IDENTIFIER = "Pankaj-Sharma.My-Password";
				PRODUCT_NAME = "$(TARGET_NAME)";
				SWIFT_VERSION = 4.2;
				TARGETED_DEVICE_FAMILY = "1,2";
			};
			name = Debug;
		};
		82425B0A210C3D7C002C590C /* Release */ = {
			isa = XCBuildConfiguration;
			baseConfigurationReference = C74CF593954254342E6B6B36 /* Pods-My Password.release.xcconfig */;
			buildSettings = {
				ASSETCATALOG_COMPILER_APPICON_NAME = AppIcon;
				CODE_SIGN_STYLE = Automatic;
				DEVELOPMENT_TEAM = 4QA6MH6558;
				INFOPLIST_FILE = "My Password/Info.plist";
				LD_RUNPATH_SEARCH_PATHS = (
					"$(inherited)",
					"@executable_path/Frameworks",
				);
				PRODUCT_BUNDLE_IDENTIFIER = "Pankaj-Sharma.My-Password";
				PRODUCT_NAME = "$(TARGET_NAME)";
				SWIFT_VERSION = 4.2;
				TARGETED_DEVICE_FAMILY = "1,2";
			};
			name = Release;
		};
/* End XCBuildConfiguration section */

/* Begin XCConfigurationList section */
		82425AF1210C3D79002C590C /* Build configuration list for PBXProject "My Password" */ = {
			isa = XCConfigurationList;
			buildConfigurations = (
				82425B06210C3D7C002C590C /* Debug */,
				82425B07210C3D7C002C590C /* Release */,
			);
			defaultConfigurationIsVisible = 0;
			defaultConfigurationName = Release;
		};
		82425B08210C3D7C002C590C /* Build configuration list for PBXNativeTarget "My Password" */ = {
			isa = XCConfigurationList;
			buildConfigurations = (
				82425B09210C3D7C002C590C /* Debug */,
				82425B0A210C3D7C002C590C /* Release */,
			);
			defaultConfigurationIsVisible = 0;
			defaultConfigurationName = Release;
		};
/* End XCConfigurationList section */
	};
	rootObject = 82425AEE210C3D79002C590C /* Project object */;
}
